# This file is automatically @generated by pesde.
# It is not intended for manual editing.
format = 2
name = "components/agent_mod"
version = "0.1.0"
target = "luau"

[graph."patextreme/ptah_libs@0.0.0-872528c2c10b572d2087ffa1c3e4748265af82a3 luau"]
direct = ["ptah-libs", { repo = "https://github.com/patextreme/ptah-libs", rev = "main" }, "standard"]

[graph."patextreme/ptah_libs@0.0.0-872528c2c10b572d2087ffa1c3e4748265af82a3 luau".pkg_ref]
ref_ty = "git"
repo = "https://github.com/patextreme/ptah-libs"
tree_id = "872528c2c10b572d2087ffa1c3e4748265af82a3"
new_structure = true
